
Microsoft Visual Studio Solution File, Format Version 12.00
# Visual Studio Version 17
VisualStudioVersion = 17.6.33829.357
MinimumVisualStudioVersion = 10.0.40219.1
Project("{2150E333-8FDC-42A3-9474-1A3956D46DE8}") = "src", "src", "{84DB40DF-7687-4999-9BCF-1E9221BD04B0}"
EndProject
Project("{2150E333-8FDC-42A3-9474-1A3956D46DE8}") = "test", "test", "{191A1872-7439-4DC0-AB85-7AE97EF7F4D7}"
EndProject
Project("{2150E333-8FDC-42A3-9474-1A3956D46DE8}") = "MQTTBroker", "MQTTBroker", "{FF5B685E-E93A-49A7-8088-80192468725F}"
EndProject
Project("{2150E333-8FDC-42A3-9474-1A3956D46DE8}") = "MQTTLib", "MQTTLib", "{C3315CA3-7676-44BE-BBFC-5B8181BAD22F}"
EndProject
Project("{2150E333-8FDC-42A3-9474-1A3956D46DE8}") = "PersonManagementService", "PersonManagementService", "{EB321270-72F6-4A0C-8507-9BEA15C21906}"
EndProject
Project("{2150E333-8FDC-42A3-9474-1A3956D46DE8}") = "ReportManagementService", "ReportManagementService", "{336F0204-A5F8-48E2-A696-5CDBCC127543}"
EndProject
Project("{2150E333-8FDC-42A3-9474-1A3956D46DE8}") = "TestPersonService", "TestPersonService", "{33FA5279-4CB6-479B-86EC-6FA15948F98D}"
EndProject
Project("{2150E333-8FDC-42A3-9474-1A3956D46DE8}") = "TestReportService", "TestReportService", "{C42A6C7E-BA77-4D49-89FB-0961C08D7430}"
EndProject
Project("{9A19103F-16F7-4668-BE54-9A1E7A4F7556}") = "MQTTBroker", "src\MQTTBroker\MQTTBroker.csproj", "{0A340B3F-13F3-4D1B-837C-7D88DA84D953}"
EndProject
Project("{9A19103F-16F7-4668-BE54-9A1E7A4F7556}") = "MqttClient", "src\MQTTLib\MqttClient\MqttClient.csproj", "{1B7E062D-C8E0-4FEC-82B1-CD2DA58CC3E4}"
EndProject
Project("{9A19103F-16F7-4668-BE54-9A1E7A4F7556}") = "PersonServices", "src\PersonManagementService\PersonServices.csproj", "{4F37EE57-0ED3-493A-BA04-8C021B454A6D}"
EndProject
Project("{9A19103F-16F7-4668-BE54-9A1E7A4F7556}") = "ReportManagementService", "src\ReportManagementService\ReportManagementService.csproj", "{C066DEB8-F29B-4412-89D5-B9052FC34169}"
EndProject
Project("{9A19103F-16F7-4668-BE54-9A1E7A4F7556}") = "TestPersonService", "test\TestPersonService\TestPersonService.csproj", "{8F54B496-E7CC-440C-B8FC-6D9A5506BA72}"
EndProject
Project("{9A19103F-16F7-4668-BE54-9A1E7A4F7556}") = "TestReportService", "test\TestReportService\TestReportService.csproj", "{4077224B-5C86-4B9B-B5E3-6A3748A329C4}"
EndProject
Global
	GlobalSection(SolutionConfigurationPlatforms) = preSolution
		Debug|Any CPU = Debug|Any CPU
		Release|Any CPU = Release|Any CPU
	EndGlobalSection
	GlobalSection(ProjectConfigurationPlatforms) = postSolution
		{0A340B3F-13F3-4D1B-837C-7D88DA84D953}.Debug|Any CPU.ActiveCfg = Debug|Any CPU
		{0A340B3F-13F3-4D1B-837C-7D88DA84D953}.Debug|Any CPU.Build.0 = Debug|Any CPU
		{0A340B3F-13F3-4D1B-837C-7D88DA84D953}.Release|Any CPU.ActiveCfg = Release|Any CPU
		{0A340B3F-13F3-4D1B-837C-7D88DA84D953}.Release|Any CPU.Build.0 = Release|Any CPU
		{1B7E062D-C8E0-4FEC-82B1-CD2DA58CC3E4}.Debug|Any CPU.ActiveCfg = Debug|Any CPU
		{1B7E062D-C8E0-4FEC-82B1-CD2DA58CC3E4}.Debug|Any CPU.Build.0 = Debug|Any CPU
		{1B7E062D-C8E0-4FEC-82B1-CD2DA58CC3E4}.Release|Any CPU.ActiveCfg = Release|Any CPU
		{1B7E062D-C8E0-4FEC-82B1-CD2DA58CC3E4}.Release|Any CPU.Build.0 = Release|Any CPU
		{4F37EE57-0ED3-493A-BA04-8C021B454A6D}.Debug|Any CPU.ActiveCfg = Debug|Any CPU
		{4F37EE57-0ED3-493A-BA04-8C021B454A6D}.Debug|Any CPU.Build.0 = Debug|Any CPU
		{4F37EE57-0ED3-493A-BA04-8C021B454A6D}.Release|Any CPU.ActiveCfg = Release|Any CPU
		{4F37EE57-0ED3-493A-BA04-8C021B454A6D}.Release|Any CPU.Build.0 = Release|Any CPU
		{C066DEB8-F29B-4412-89D5-B9052FC34169}.Debug|Any CPU.ActiveCfg = Debug|Any CPU
		{C066DEB8-F29B-4412-89D5-B9052FC34169}.Debug|Any CPU.Build.0 = Debug|Any CPU
		{C066DEB8-F29B-4412-89D5-B9052FC34169}.Release|Any CPU.ActiveCfg = Release|Any CPU
		{C066DEB8-F29B-4412-89D5-B9052FC34169}.Release|Any CPU.Build.0 = Release|Any CPU
		{8F54B496-E7CC-440C-B8FC-6D9A5506BA72}.Debug|Any CPU.ActiveCfg = Debug|Any CPU
		{8F54B496-E7CC-440C-B8FC-6D9A5506BA72}.Debug|Any CPU.Build.0 = Debug|Any CPU
		{8F54B496-E7CC-440C-B8FC-6D9A5506BA72}.Release|Any CPU.ActiveCfg = Release|Any CPU
		{8F54B496-E7CC-440C-B8FC-6D9A5506BA72}.Release|Any CPU.Build.0 = Release|Any CPU
		{4077224B-5C86-4B9B-B5E3-6A3748A329C4}.Debug|Any CPU.ActiveCfg = Debug|Any CPU
		{4077224B-5C86-4B9B-B5E3-6A3748A329C4}.Debug|Any CPU.Build.0 = Debug|Any CPU
		{4077224B-5C86-4B9B-B5E3-6A3748A329C4}.Release|Any CPU.ActiveCfg = Release|Any CPU
		{4077224B-5C86-4B9B-B5E3-6A3748A329C4}.Release|Any CPU.Build.0 = Release|Any CPU
	EndGlobalSection
	GlobalSection(SolutionProperties) = preSolution
		HideSolutionNode = FALSE
	EndGlobalSection
	GlobalSection(NestedProjects) = preSolution
		{FF5B685E-E93A-49A7-8088-80192468725F} = {84DB40DF-7687-4999-9BCF-1E9221BD04B0}
		{C3315CA3-7676-44BE-BBFC-5B8181BAD22F} = {84DB40DF-7687-4999-9BCF-1E9221BD04B0}
		{EB321270-72F6-4A0C-8507-9BEA15C21906} = {84DB40DF-7687-4999-9BCF-1E9221BD04B0}
		{336F0204-A5F8-48E2-A696-5CDBCC127543} = {84DB40DF-7687-4999-9BCF-1E9221BD04B0}
		{33FA5279-4CB6-479B-86EC-6FA15948F98D} = {191A1872-7439-4DC0-AB85-7AE97EF7F4D7}
		{C42A6C7E-BA77-4D49-89FB-0961C08D7430} = {191A1872-7439-4DC0-AB85-7AE97EF7F4D7}
		{0A340B3F-13F3-4D1B-837C-7D88DA84D953} = {FF5B685E-E93A-49A7-8088-80192468725F}
		{1B7E062D-C8E0-4FEC-82B1-CD2DA58CC3E4} = {C3315CA3-7676-44BE-BBFC-5B8181BAD22F}
		{4F37EE57-0ED3-493A-BA04-8C021B454A6D} = {EB321270-72F6-4A0C-8507-9BEA15C21906}
		{C066DEB8-F29B-4412-89D5-B9052FC34169} = {336F0204-A5F8-48E2-A696-5CDBCC127543}
		{8F54B496-E7CC-440C-B8FC-6D9A5506BA72} = {33FA5279-4CB6-479B-86EC-6FA15948F98D}
		{4077224B-5C86-4B9B-B5E3-6A3748A329C4} = {C42A6C7E-BA77-4D49-89FB-0961C08D7430}
	EndGlobalSection
	GlobalSection(ExtensibilityGlobals) = postSolution
		SolutionGuid = {47C28200-C455-40CD-856E-7EEB82EF8A0E}
	EndGlobalSection
EndGlobal
