
Microsoft Visual Studio Solution File, Format Version 12.00
# Visual Studio Version 17
VisualStudioVersion = 17.6.33829.357
MinimumVisualStudioVersion = 10.0.40219.1
Project("{9A19103F-16F7-4668-BE54-9A1E7A4F7556}") = "ReportManagementService", "ReportManagementService.csproj", "{719B9994-729B-47B8-BB92-5114A1007DD7}"
EndProject
Project("{9A19103F-16F7-4668-BE54-9A1E7A4F7556}") = "MqttClient", "..\MQTTLib\MqttClient\MqttClient.csproj", "{1847D287-193F-40C4-969E-0F7AE6A22FC3}"
EndProject
Project("{FAE04EC0-301F-11D3-BF4B-00C04F79EFBC}") = "TestReportService", "..\TestReportService\TestReportService.csproj", "{B3A56034-9D1A-472A-9003-DAE867BC2F69}"
EndProject
Global
	GlobalSection(SolutionConfigurationPlatforms) = preSolution
		Debug|Any CPU = Debug|Any CPU
		Release|Any CPU = Release|Any CPU
	EndGlobalSection
	GlobalSection(ProjectConfigurationPlatforms) = postSolution
		{719B9994-729B-47B8-BB92-5114A1007DD7}.Debug|Any CPU.ActiveCfg = Debug|Any CPU
		{719B9994-729B-47B8-BB92-5114A1007DD7}.Debug|Any CPU.Build.0 = Debug|Any CPU
		{719B9994-729B-47B8-BB92-5114A1007DD7}.Release|Any CPU.ActiveCfg = Release|Any CPU
		{719B9994-729B-47B8-BB92-5114A1007DD7}.Release|Any CPU.Build.0 = Release|Any CPU
		{1847D287-193F-40C4-969E-0F7AE6A22FC3}.Debug|Any CPU.ActiveCfg = Debug|Any CPU
		{1847D287-193F-40C4-969E-0F7AE6A22FC3}.Debug|Any CPU.Build.0 = Debug|Any CPU
		{1847D287-193F-40C4-969E-0F7AE6A22FC3}.Release|Any CPU.ActiveCfg = Release|Any CPU
		{1847D287-193F-40C4-969E-0F7AE6A22FC3}.Release|Any CPU.Build.0 = Release|Any CPU
		{B3A56034-9D1A-472A-9003-DAE867BC2F69}.Debug|Any CPU.ActiveCfg = Debug|Any CPU
		{B3A56034-9D1A-472A-9003-DAE867BC2F69}.Debug|Any CPU.Build.0 = Debug|Any CPU
		{B3A56034-9D1A-472A-9003-DAE867BC2F69}.Release|Any CPU.ActiveCfg = Release|Any CPU
		{B3A56034-9D1A-472A-9003-DAE867BC2F69}.Release|Any CPU.Build.0 = Release|Any CPU
	EndGlobalSection
	GlobalSection(SolutionProperties) = preSolution
		HideSolutionNode = FALSE
	EndGlobalSection
	GlobalSection(ExtensibilityGlobals) = postSolution
		SolutionGuid = {92C89E46-FC2E-4461-9793-644A2FB4A32B}
	EndGlobalSection
EndGlobal
